{
    "_readme": [
        "This file locks the dependencies of your project to a known state",
        "Read more about it at https://getcomposer.org/doc/01-basic-usage.md#installing-dependencies",
        "This file is @generated automatically"
    ],
    "content-hash": "aceeb882660e46e75c27f1539c2e0bb5",
    "packages": [
        {
            "name": "symfony/deprecation-contracts",
            "version": "v3.6.0",
            "source": {
                "type": "git",
                "url": "https://github.com/symfony/deprecation-contracts.git",
                "reference": "63afe740e99a13ba87ec199bb07bbdee937a5b62"
            },
            "dist": {
                "type": "zip",
                "url": "https://api.github.com/repos/symfony/deprecation-contracts/zipball/63afe740e99a13ba87ec199bb07bbdee937a5b62",
                "reference": "63afe740e99a13ba87ec199bb07bbdee937a5b62",
                "shasum": ""
            },
            "require": {
                "php": ">=8.1"
            },
            "type": "library",
            "extra": {
                "thanks": {
                    "url": "https://github.com/symfony/contracts",
                    "name": "symfony/contracts"
                },
                "branch-alias": {
                    "dev-main": "3.6-dev"
                }
            },
            "autoload": {
                "files": [
                    "function.php"
                ]
            },
            "notification-url": "https://packagist.org/downloads/",
            "license": [
                "MIT"
            ],
            "authors": [
                {
                    "name": "Nicolas Grekas",
                    "email": "p@tchwork.com"
                },
                {
                    "name": "Symfony Community",
                    "homepage": "https://symfony.com/contributors"
                }
            ],
            "description": "A generic function and convention to trigger deprecation notices",
            "homepage": "https://symfony.com",
            "support": {
                "source": "https://github.com/symfony/deprecation-contracts/tree/v3.6.0"
            },
            "funding": [
                {
                    "url": "https://symfony.com/sponsor",
                    "type": "custom"
                },
                {
                    "url": "https://github.com/fabpot",
                    "type": "github"
                },
                {
                    "url": "https://tidelift.com/funding/github/packagist/symfony/symfony",
                    "type": "tidelift"
                }
            ],
            "time": "2024-09-25T14:21:43+00:00"
        },
        {
            "name": "symfony/polyfill-mbstring",
            "version": "v1.33.0",
            "source": {
                "type": "git",
                "url": "https://github.com/symfony/polyfill-mbstring.git",
                "reference": "6d857f4d76bd4b343eac26d6b539585d2bc56493"
            },
            "dist": {
                "type": "zip",
                "url": "https://api.github.com/repos/symfony/polyfill-mbstring/zipball/6d857f4d76bd4b343eac26d6b539585d2bc56493",
                "reference": "6d857f4d76bd4b343eac26d6b539585d2bc56493",
                "shasum": ""
            },
            "require": {
                "ext-iconv": "*",
                "php": ">=7.2"
            },
            "provide": {
                "ext-mbstring": "*"
            },
            "suggest": {
                "ext-mbstring": "For best performance"
            },
            "type": "library",
            "extra": {
                "thanks": {
                    "url": "https://github.com/symfony/polyfill",
                    "name": "symfony/polyfill"
                }
            },
            "autoload": {
                "files": [
                    "bootstrap.php"
                ],
                "psr-4": {
                    "Symfony\\Polyfill\\Mbstring\\": ""
                }
            },
            "notification-url": "https://packagist.org/downloads/",
            "license": [
                "MIT"
            ],
            "authors": [
                {
                    "name": "Nicolas Grekas",
                    "email": "p@tchwork.com"
                },
                {
                    "name": "Symfony Community",
                    "homepage": "https://symfony.com/contributors"
                }
            ],
            "description": "Symfony polyfill for the Mbstring extension",
            "homepage": "https://symfony.com",
            "keywords": [
                "compatibility",
                "mbstring",
                "polyfill",
                "portable",
                "shim"
            ],
            "support": {
                "source": "https://github.com/symfony/polyfill-mbstring/tree/v1.33.0"
            },
            "funding": [
                {
                    "url": "https://symfony.com/sponsor",
                    "type": "custom"
                },
                {
                    "url": "https://github.com/fabpot",
                    "type": "github"
                },
                {
                    "url": "https://github.com/nicolas-grekas",
                    "type": "github"
                },
                {
                    "url": "https://tidelift.com/funding/github/packagist/symfony/symfony",
                    "type": "tidelift"
                }
            ],
            "time": "2024-12-23T08:48:59+00:00"
        },
        {
            "name": "symfony/translation",
            "version": "v7.3.4",
            "source": {
                "type": "git",
                "url": "https://github.com/symfony/translation.git",
                "reference": "ec25870502d0c7072d086e8ffba1420c85965174"
            },
            "dist": {
                "type": "zip",
                "url": "https://api.github.com/repos/symfony/translation/zipball/ec25870502d0c7072d086e8ffba1420c85965174",
                "reference": "ec25870502d0c7072d086e8ffba1420c85965174",
                "shasum": ""
            },
            "require": {
                "php": ">=8.2",
                "symfony/deprecation-contracts": "^2.5|^3",
                "symfony/polyfill-mbstring": "~1.0",
                "symfony/translation-contracts": "^2.5|^3.0"
            },
            "conflict": {
                "nikic/php-parser": "<5.0",
                "symfony/config": "<6.4",
                "symfony/console": "<6.4",
                "symfony/dependency-injection": "<6.4",
                "symfony/http-client-contracts": "<2.5",
                "symfony/http-kernel": "<6.4",
                "symfony/service-contracts": "<2.5",
                "symfony/twig-bundle": "<6.4",
                "symfony/yaml": "<6.4"
            },
            "provide": {
                "symfony/translation-implementation": "2.3|3.0"
            },
            "require-dev": {
                "nikic/php-parser": "^5.0",
                "psr/log": "^1|^2|^3",
                "symfony/config": "^6.4|^7.0",
                "symfony/console": "^6.4|^7.0",
                "symfony/dependency-injection": "^6.4|^7.0",
                "symfony/finder": "^6.4|^7.0",
                "symfony/http-client-contracts": "^2.5|^3.0",
                "symfony/http-kernel": "^6.4|^7.0",
                "symfony/intl": "^6.4|^7.0",
                "symfony/polyfill-intl-icu": "^1.21",
                "symfony/routing": "^6.4|^7.0",
                "symfony/service-contracts": "^2.5|^3",
                "symfony/yaml": "^6.4|^7.0"
            },
            "type": "library",
            "autoload": {
                "files": [
                    "Resources/functions.php"
                ],
                "psr-4": {
                    "Symfony\\Component\\Translation\\": ""
                },
                "exclude-from-classmap": [
                    "/Tests/"
                ]
            },
            "notification-url": "https://packagist.org/downloads/",
            "license": [
                "MIT"
            ],
            "authors": [
                {
                    "name": "Fabien Potencier",
                    "email": "fabien@symfony.com"
                },
                {
                    "name": "Symfony Community",
                    "homepage": "https://symfony.com/contributors"
                }
            ],
            "description": "Provides tools to internationalize your application",
            "homepage": "https://symfony.com",
            "support": {
                "source": "https://github.com/symfony/translation/tree/v7.3.4"
            },
            "funding": [
                {
                    "url": "https://symfony.com/sponsor",
                    "type": "custom"
                },
                {
                    "url": "https://github.com/fabpot",
                    "type": "github"
                },
                {
                    "url": "https://github.com/nicolas-grekas",
                    "type": "github"
                },
                {
                    "url": "https://tidelift.com/funding/github/packagist/symfony/symfony",
                    "type": "tidelift"
                }
            ],
            "time": "2025-09-07T11:39:36+00:00"
        },
        {
            "name": "symfony/translation-contracts",
            "version": "v3.6.0",
            "source": {
                "type": "git",
                "url": "https://github.com/symfony/translation-contracts.git",
                "reference": "df210c7a2573f1913b2d17cc95f90f53a73d8f7d"
            },
            "dist": {
                "type": "zip",
                "url": "https://api.github.com/repos/symfony/translation-contracts/zipball/df210c7a2573f1913b2d17cc95f90f53a73d8f7d",
                "reference": "df210c7a2573f1913b2d17cc95f90f53a73d8f7d",
                "shasum": ""
            },
            "require": {
                "php": ">=8.1"
            },
            "type": "library",
            "extra": {
                "thanks": {
                    "url": "https://github.com/symfony/contracts",
                    "name": "symfony/contracts"
                },
                "branch-alias": {
                    "dev-main": "3.6-dev"
                }
            },
            "autoload": {
                "psr-4": {
                    "Symfony\\Contracts\\Translation\\": ""
                },
                "exclude-from-classmap": [
                    "/Test/"
                ]
            },
            "notification-url": "https://packagist.org/downloads/",
            "license": [
                "MIT"
            ],
            "authors": [
                {
                    "name": "Nicolas Grekas",
                    "email": "p@tchwork.com"
                },
                {
                    "name": "Symfony Community",
                    "homepage": "https://symfony.com/contributors"
                }
            ],
            "description": "Generic abstractions related to translation",
            "homepage": "https://symfony.com",
            "keywords": [
                "abstractions",
                "contracts",
                "decoupling",
                "interfaces",
                "interoperability",
                "standards"
            ],
            "support": {
                "source": "https://github.com/symfony/translation-contracts/tree/v3.6.0"
            },
            "funding": [
                {
                    "url": "https://symfony.com/sponsor",
                    "type": "custom"
                },
                {
                    "url": "https://github.com/fabpot",
                    "type": "github"
                },
                {
                    "url": "https://tidelift.com/funding/github/packagist/symfony/symfony",
                    "type": "tidelift"
                }
            ],
            "time": "2024-09-27T08:32:26+00:00"
        }
    ],
    "packages-dev": [],
    "aliases": [],
    "minimum-stability": "stable",
    "stability-flags": {},
    "prefer-stable": false,
    "prefer-lowest": false,
    "platform": {},
    "platform-dev": {},
    "plugin-api-version": "2.6.0"
}
